
Microsoft Visual Studio Solution File, Format Version 12.00
# Visual Studio 15
VisualStudioVersion = 15.0.28307.271
MinimumVisualStudioVersion = 10.0.40219.1
Project("{9A19103F-16F7-4668-BE54-9A1E7A4F7556}") = "ConsoleApp1", "Sample\ConsoleApp1\ConsoleApp1.csproj", "{8B04CDE2-B86D-4E0F-8C8D-E6ED456D9FD0}"
EndProject
Project("{2150E333-8FDC-42A3-9474-1A3956D46DE8}") = "Sample", "Sample", "{C33B0729-7AF0-400E-8CC2-929E7843E957}"
EndProject
Project("{FAE04EC0-301F-11D3-BF4B-00C04F79EFBC}") = "ConsoleAppNet461", "Sample\ConsoleAppNet461\ConsoleAppNet461.csproj", "{37CB82E6-6B2D-43DE-9821-9603E2D106B5}"
EndProject
Project("{9A19103F-16F7-4668-BE54-9A1E7A4F7556}") = "Utils.ElasticSearch", "src\Utils.ElasticSearch\Utils.ElasticSearch.csproj", "{EB99D771-9A90-44DA-9D17-C3E67F29DA67}"
EndProject
Project("{9A19103F-16F7-4668-BE54-9A1E7A4F7556}") = "Utils.Util", "src\Utils.util\Utils.Util.csproj", "{763EB921-699D-4BD4-A2A1-91F7DB125A19}"
EndProject
Global
	GlobalSection(SolutionConfigurationPlatforms) = preSolution
		Debug|Any CPU = Debug|Any CPU
		Release|Any CPU = Release|Any CPU
	EndGlobalSection
	GlobalSection(ProjectConfigurationPlatforms) = postSolution
		{8B04CDE2-B86D-4E0F-8C8D-E6ED456D9FD0}.Debug|Any CPU.ActiveCfg = Debug|Any CPU
		{8B04CDE2-B86D-4E0F-8C8D-E6ED456D9FD0}.Debug|Any CPU.Build.0 = Debug|Any CPU
		{8B04CDE2-B86D-4E0F-8C8D-E6ED456D9FD0}.Release|Any CPU.ActiveCfg = Release|Any CPU
		{8B04CDE2-B86D-4E0F-8C8D-E6ED456D9FD0}.Release|Any CPU.Build.0 = Release|Any CPU
		{37CB82E6-6B2D-43DE-9821-9603E2D106B5}.Debug|Any CPU.ActiveCfg = Debug|Any CPU
		{37CB82E6-6B2D-43DE-9821-9603E2D106B5}.Debug|Any CPU.Build.0 = Debug|Any CPU
		{37CB82E6-6B2D-43DE-9821-9603E2D106B5}.Release|Any CPU.ActiveCfg = Release|Any CPU
		{37CB82E6-6B2D-43DE-9821-9603E2D106B5}.Release|Any CPU.Build.0 = Release|Any CPU
		{EB99D771-9A90-44DA-9D17-C3E67F29DA67}.Debug|Any CPU.ActiveCfg = Debug|Any CPU
		{EB99D771-9A90-44DA-9D17-C3E67F29DA67}.Debug|Any CPU.Build.0 = Debug|Any CPU
		{EB99D771-9A90-44DA-9D17-C3E67F29DA67}.Release|Any CPU.ActiveCfg = Release|Any CPU
		{EB99D771-9A90-44DA-9D17-C3E67F29DA67}.Release|Any CPU.Build.0 = Release|Any CPU
		{763EB921-699D-4BD4-A2A1-91F7DB125A19}.Debug|Any CPU.ActiveCfg = Debug|Any CPU
		{763EB921-699D-4BD4-A2A1-91F7DB125A19}.Debug|Any CPU.Build.0 = Debug|Any CPU
		{763EB921-699D-4BD4-A2A1-91F7DB125A19}.Release|Any CPU.ActiveCfg = Release|Any CPU
		{763EB921-699D-4BD4-A2A1-91F7DB125A19}.Release|Any CPU.Build.0 = Release|Any CPU
	EndGlobalSection
	GlobalSection(SolutionProperties) = preSolution
		HideSolutionNode = FALSE
	EndGlobalSection
	GlobalSection(NestedProjects) = preSolution
		{8B04CDE2-B86D-4E0F-8C8D-E6ED456D9FD0} = {C33B0729-7AF0-400E-8CC2-929E7843E957}
		{37CB82E6-6B2D-43DE-9821-9603E2D106B5} = {C33B0729-7AF0-400E-8CC2-929E7843E957}
	EndGlobalSection
	GlobalSection(ExtensibilityGlobals) = postSolution
		SolutionGuid = {8CD49A54-471E-4D7C-A889-6CCD76F52BA4}
	EndGlobalSection
EndGlobal
